// !$*UTF8*$!
{
	archiveVersion = 1;
	classes = {
	};
	objectVersion = 46;
	objects = {

/* Begin PBXBuildFile section */
		A73F0EC51A63520F00DB3AA7 /* AppDelegate.swift in Sources */ = {isa = PBXBuildFile; fileRef = A73F0EC41A63520F00DB3AA7 /* AppDelegate.swift */; };
		A73F0EC71A63520F00DB3AA7 /* ViewController.swift in Sources */ = {isa = PBXBuildFile; fileRef = A73F0EC61A63520F00DB3AA7 /* ViewController.swift */; };
		A73F0ECA1A63520F00DB3AA7 /* Main.storyboard in Resources */ = {isa = PBXBuildFile; fileRef = A73F0EC81A63520F00DB3AA7 /* Main.storyboard */; };
		A73F0ECC1A63520F00DB3AA7 /* Images.xcassets in Resources */ = {isa = PBXBuildFile; fileRef = A73F0ECB1A63520F00DB3AA7 /* Images.xcassets */; };
		A73F0ECF1A63520F00DB3AA7 /* LaunchScreen.xib in Resources */ = {isa = PBXBuildFile; fileRef = A73F0ECD1A63520F00DB3AA7 /* LaunchScreen.xib */; };
		A73F0EDB1A63520F00DB3AA7 /* Persistant_StorageTests.swift in Sources */ = {isa = PBXBuildFile; fileRef = A73F0EDA1A63520F00DB3AA7 /* Persistant_StorageTests.swift */; };
/* End PBXBuildFile section */

/* Begin PBXContainerItemProxy section */
		A73F0ED51A63520F00DB3AA7 /* PBXContainerItemProxy */ = {
			isa = PBXContainerItemProxy;
			containerPortal = A73F0EB71A63520F00DB3AA7 /* Project object */;
			proxyType = 1;
			remoteGlobalIDString = A73F0EBE1A63520F00DB3AA7;
			remoteInfo = "Persistant Storage";
		};
/* End PBXContainerItemProxy section */

/* Begin PBXFileReference section */
		A73F0EBF1A63520F00DB3AA7 /* Persistant Storage.app */ = {isa = PBXFileReference; explicitFileType = wrapper.application; includeInIndex = 0; path = "Persistant Storage.app"; sourceTree = BUILT_PRODUCTS_DIR; };
		A73F0EC31A63520F00DB3AA7 /* Info.plist */ = {isa = PBXFileReference; lastKnownFileType = text.plist.xml; path = Info.plist; sourceTree = "<group>"; };
		A73F0EC41A63520F00DB3AA7 /* AppDelegate.swift */ = {isa = PBXFileReference; lastKnownFileType = sourcecode.swift; path = AppDelegate.swift; sourceTree = "<group>"; };
		A73F0EC61A63520F00DB3AA7 /* ViewController.swift */ = {isa = PBXFileReference; lastKnownFileType = sourcecode.swift; path = ViewController.swift; sourceTree = "<group>"; };
		A73F0EC91A63520F00DB3AA7 /* Base */ = {isa = PBXFileReference; lastKnownFileType = file.storyboard; name = Base; path = Base.lproj/Main.storyboard; sourceTree = "<group>"; };
		A73F0ECB1A63520F00DB3AA7 /* Images.xcassets */ = {isa = PBXFileReference; lastKnownFileType = folder.assetcatalog; path = Images.xcassets; sourceTree = "<group>"; };
		A73F0ECE1A63520F00DB3AA7 /* Base */ = {isa = PBXFileReference; lastKnownFileType = file.xib; name = Base; path = Base.lproj/LaunchScreen.xib; sourceTree = "<group>"; };
		A73F0ED41A63520F00DB3AA7 /* Persistant StorageTests.xctest */ = {isa = PBXFileReference; explicitFileType = wrapper.cfbundle; includeInIndex = 0; path = "Persistant StorageTests.xctest"; sourceTree = BUILT_PRODUCTS_DIR; };
		A73F0ED91A63520F00DB3AA7 /* Info.plist */ = {isa = PBXFileReference; lastKnownFileType = text.plist.xml; path = Info.plist; sourceTree = "<group>"; };
		A73F0EDA1A63520F00DB3AA7 /* Persistant_StorageTests.swift */ = {isa = PBXFileReference; lastKnownFileType = sourcecode.swift; path = Persistant_StorageTests.swift; sourceTree = "<group>"; };
/* End PBXFileReference section */

/* Begin PBXFrameworksBuildPhase section */
		A73F0EBC1A63520F00DB3AA7 /* Frameworks */ = {
			isa = PBXFrameworksBuildPhase;
			buildActionMask = 2147483647;
			files = (
			);
			runOnlyForDeploymentPostprocessing = 0;
		};
		A73F0ED11A63520F00DB3AA7 /* Frameworks */ = {
			isa = PBXFrameworksBuildPhase;
			buildActionMask = 2147483647;
			files = (
			);
			runOnlyForDeploymentPostprocessing = 0;
		};
/* End PBXFrameworksBuildPhase section */

/* Begin PBXGroup section */
		A73F0EB61A63520F00DB3AA7 = {
			isa = PBXGroup;
			children = (
				A73F0EC11A63520F00DB3AA7 /* Persistant Storage */,
				A73F0ED71A63520F00DB3AA7 /* Persistant StorageTests */,
				A73F0EC01A63520F00DB3AA7 /* Products */,
			);
			sourceTree = "<group>";
		};
		A73F0EC01A63520F00DB3AA7 /* Products */ = {
			isa = PBXGroup;
			children = (
				A73F0EBF1A63520F00DB3AA7 /* Persistant Storage.app */,
				A73F0ED41A63520F00DB3AA7 /* Persistant StorageTests.xctest */,
			);
			name = Products;
			sourceTree = "<group>";
		};
		A73F0EC11A63520F00DB3AA7 /* Persistant Storage */ = {
			isa = PBXGroup;
			children = (
				A73F0EC41A63520F00DB3AA7 /* AppDelegate.swift */,
				A73F0EC61A63520F00DB3AA7 /* ViewController.swift */,
				A73F0EC81A63520F00DB3AA7 /* Main.storyboard */,
				A73F0ECB1A63520F00DB3AA7 /* Images.xcassets */,
				A73F0ECD1A63520F00DB3AA7 /* LaunchScreen.xib */,
				A73F0EC21A63520F00DB3AA7 /* Supporting Files */,
			);
			path = "Persistant Storage";
			sourceTree = "<group>";
		};
		A73F0EC21A63520F00DB3AA7 /* Supporting Files */ = {
			isa = PBXGroup;
			children = (
				A73F0EC31A63520F00DB3AA7 /* Info.plist */,
			);
			name = "Supporting Files";
			sourceTree = "<group>";
		};
		A73F0ED71A63520F00DB3AA7 /* Persistant StorageTests */ = {
			isa = PBXGroup;
			children = (
				A73F0EDA1A63520F00DB3AA7 /* Persistant_StorageTests.swift */,
				A73F0ED81A63520F00DB3AA7 /* Supporting Files */,
			);
			path = "Persistant StorageTests";
			sourceTree = "<group>";
		};
		A73F0ED81A63520F00DB3AA7 /* Supporting Files */ = {
			isa = PBXGroup;
			children = (
				A73F0ED91A63520F00DB3AA7 /* Info.plist */,
			);
			name = "Supporting Files";
			sourceTree = "<group>";
		};
/* End PBXGroup section */

/* Begin PBXNativeTarget section */
		A73F0EBE1A63520F00DB3AA7 /* Persistant Storage */ = {
			isa = PBXNativeTarget;
			buildConfigurationList = A73F0EDE1A63520F00DB3AA7 /* Build configuration list for PBXNativeTarget "Persistant Storage" */;
			buildPhases = (
				A73F0EBB1A63520F00DB3AA7 /* Sources */,
				A73F0EBC1A63520F00DB3AA7 /* Frameworks */,
				A73F0EBD1A63520F00DB3AA7 /* Resources */,
			);
			buildRules = (
			);
			dependencies = (
			);
			name = "Persistant Storage";
			productName = "Persistant Storage";
			productReference = A73F0EBF1A63520F00DB3AA7 /* Persistant Storage.app */;
			productType = "com.apple.product-type.application";
		};
		A73F0ED31A63520F00DB3AA7 /* Persistant StorageTests */ = {
			isa = PBXNativeTarget;
			buildConfigurationList = A73F0EE11A63520F00DB3AA7 /* Build configuration list for PBXNativeTarget "Persistant StorageTests" */;
			buildPhases = (
				A73F0ED01A63520F00DB3AA7 /* Sources */,
				A73F0ED11A63520F00DB3AA7 /* Frameworks */,
				A73F0ED21A63520F00DB3AA7 /* Resources */,
			);
			buildRules = (
			);
			dependencies = (
				A73F0ED61A63520F00DB3AA7 /* PBXTargetDependency */,
			);
			name = "Persistant StorageTests";
			productName = "Persistant StorageTests";
			productReference = A73F0ED41A63520F00DB3AA7 /* Persistant StorageTests.xctest */;
			productType = "com.apple.product-type.bundle.unit-test";
		};
/* End PBXNativeTarget section */

/* Begin PBXProject section */
		A73F0EB71A63520F00DB3AA7 /* Project object */ = {
			isa = PBXProject;
			attributes = {
				LastUpgradeCheck = 0610;
				ORGANIZATIONNAME = Yosemite;
				TargetAttributes = {
					A73F0EBE1A63520F00DB3AA7 = {
						CreatedOnToolsVersion = 6.1.1;
					};
					A73F0ED31A63520F00DB3AA7 = {
						CreatedOnToolsVersion = 6.1.1;
						TestTargetID = A73F0EBE1A63520F00DB3AA7;
					};
				};
			};
			buildConfigurationList = A73F0EBA1A63520F00DB3AA7 /* Build configuration list for PBXProject "Persistant Storage" */;
			compatibilityVersion = "Xcode 3.2";
			developmentRegion = English;
			hasScannedForEncodings = 0;
			knownRegions = (
				en,
				Base,
			);
			mainGroup = A73F0EB61A63520F00DB3AA7;
			productRefGroup = A73F0EC01A63520F00DB3AA7 /* Products */;
			projectDirPath = "";
			projectRoot = "";
			targets = (
				A73F0EBE1A63520F00DB3AA7 /* Persistant Storage */,
				A73F0ED31A63520F00DB3AA7 /* Persistant StorageTests */,
			);
		};
/* End PBXProject section */

/* Begin PBXResourcesBuildPhase section */
		A73F0EBD1A63520F00DB3AA7 /* Resources */ = {
			isa = PBXResourcesBuildPhase;
			buildActionMask = 2147483647;
			files = (
				A73F0ECA1A63520F00DB3AA7 /* Main.storyboard in Resources */,
				A73F0ECF1A63520F00DB3AA7 /* LaunchScreen.xib in Resources */,
				A73F0ECC1A63520F00DB3AA7 /* Images.xcassets in Resources */,
			);
			runOnlyForDeploymentPostprocessing = 0;
		};
		A73F0ED21A63520F00DB3AA7 /* Resources */ = {
			isa = PBXResourcesBuildPhase;
			buildActionMask = 2147483647;
			files = (
			);
			runOnlyForDeploymentPostprocessing = 0;
		};
/* End PBXResourcesBuildPhase section */

/* Begin PBXSourcesBuildPhase section */
		A73F0EBB1A63520F00DB3AA7 /* Sources */ = {
			isa = PBXSourcesBuildPhase;
			buildActionMask = 2147483647;
			files = (
				A73F0EC71A63520F00DB3AA7 /* ViewController.swift in Sources */,
				A73F0EC51A63520F00DB3AA7 /* AppDelegate.swift in Sources */,
			);
			runOnlyForDeploymentPostprocessing = 0;
		};
		A73F0ED01A63520F00DB3AA7 /* Sources */ = {
			isa = PBXSourcesBuildPhase;
			buildActionMask = 2147483647;
			files = (
				A73F0EDB1A63520F00DB3AA7 /* Persistant_StorageTests.swift in Sources */,
			);
			runOnlyForDeploymentPostprocessing = 0;
		};
/* End PBXSourcesBuildPhase section */

/* Begin PBXTargetDependency section */
		A73F0ED61A63520F00DB3AA7 /* PBXTargetDependency */ = {
			isa = PBXTargetDependency;
			target = A73F0EBE1A63520F00DB3AA7 /* Persistant Storage */;
			targetProxy = A73F0ED51A63520F00DB3AA7 /* PBXContainerItemProxy */;
		};
/* End PBXTargetDependency section */

/* Begin PBXVariantGroup section */
		A73F0EC81A63520F00DB3AA7 /* Main.storyboard */ = {
			isa = PBXVariantGroup;
			children = (
				A73F0EC91A63520F00DB3AA7 /* Base */,
			);
			name = Main.storyboard;
			sourceTree = "<group>";
		};
		A73F0ECD1A63520F00DB3AA7 /* LaunchScreen.xib */ = {
			isa = PBXVariantGroup;
			children = (
				A73F0ECE1A63520F00DB3AA7 /* Base */,
			);
			name = LaunchScreen.xib;
			sourceTree = "<group>";
		};
/* End PBXVariantGroup section */

/* Begin XCBuildConfiguration section */
		A73F0EDC1A63520F00DB3AA7 /* Debug */ = {
			isa = XCBuildConfiguration;
			buildSettings = {
				ALWAYS_SEARCH_USER_PATHS = NO;
				CLANG_CXX_LANGUAGE_STANDARD = "gnu++0x";
				CLANG_CXX_LIBRARY = "libc++";
				CLANG_ENABLE_MODULES = YES;
				CLANG_ENABLE_OBJC_ARC = YES;
				CLANG_WARN_BOOL_CONVERSION = YES;
				CLANG_WARN_CONSTANT_CONVERSION = YES;
				CLANG_WARN_DIRECT_OBJC_ISA_USAGE = YES_ERROR;
				CLANG_WARN_EMPTY_BODY = YES;
				CLANG_WARN_ENUM_CONVERSION = YES;
				CLANG_WARN_INT_CONVERSION = YES;
				CLANG_WARN_OBJC_ROOT_CLASS = YES_ERROR;
				CLANG_WARN_UNREACHABLE_CODE = YES;
				CLANG_WARN__DUPLICATE_METHOD_MATCH = YES;
				"CODE_SIGN_IDENTITY[sdk=iphoneos*]" = "iPhone Developer";
				COPY_PHASE_STRIP = NO;
				ENABLE_STRICT_OBJC_MSGSEND = YES;
				GCC_C_LANGUAGE_STANDARD = gnu99;
				GCC_DYNAMIC_NO_PIC = NO;
				GCC_OPTIMIZATION_LEVEL = 0;
				GCC_PREPROCESSOR_DEFINITIONS = (
					"DEBUG=1",
					"$(inherited)",
				);
				GCC_SYMBOLS_PRIVATE_EXTERN = NO;
				GCC_WARN_64_TO_32_BIT_CONVERSION = YES;
				GCC_WARN_ABOUT_RETURN_TYPE = YES_ERROR;
				GCC_WARN_UNDECLARED_SELECTOR = YES;
				GCC_WARN_UNINITIALIZED_AUTOS = YES_AGGRESSIVE;
				GCC_WARN_UNUSED_FUNCTION = YES;
				GCC_WARN_UNUSED_VARIABLE = YES;
				IPHONEOS_DEPLOYMENT_TARGET = 8.1;
				MTL_ENABLE_DEBUG_INFO = YES;
				ONLY_ACTIVE_ARCH = YES;
				SDKROOT = iphoneos;
				SWIFT_OPTIMIZATION_LEVEL = "-Onone";
			};
			name = Debug;
		};
		A73F0EDD1A63520F00DB3AA7 /* Release */ = {
			isa = XCBuildConfiguration;
			buildSettings = {
				ALWAYS_SEARCH_USER_PATHS = NO;
				CLANG_CXX_LANGUAGE_STANDARD = "gnu++0x";
				CLANG_CXX_LIBRARY = "libc++";
				CLANG_ENABLE_MODULES = YES;
				CLANG_ENABLE_OBJC_ARC = YES;
				CLANG_WARN_BOOL_CONVERSION = YES;
				CLANG_WARN_CONSTANT_CONVERSION = YES;
				CLANG_WARN_DIRECT_OBJC_ISA_USAGE = YES_ERROR;
				CLANG_WARN_EMPTY_BODY = YES;
				CLANG_WARN_ENUM_CONVERSION = YES;
				CLANG_WARN_INT_CONVERSION = YES;
				CLANG_WARN_OBJC_ROOT_CLASS = YES_ERROR;
				CLANG_WARN_UNREACHABLE_CODE = YES;
				CLANG_WARN__DUPLICATE_METHOD_MATCH = YES;
				"CODE_SIGN_IDENTITY[sdk=iphoneos*]" = "iPhone Developer";
				COPY_PHASE_STRIP = YES;
				ENABLE_NS_ASSERTIONS = NO;
				ENABLE_STRICT_OBJC_MSGSEND = YES;
				GCC_C_LANGUAGE_STANDARD = gnu99;
				GCC_WARN_64_TO_32_BIT_CONVERSION = YES;
				GCC_WARN_ABOUT_RETURN_TYPE = YES_ERROR;
				GCC_WARN_UNDECLARED_SELECTOR = YES;
				GCC_WARN_UNINITIALIZED_AUTOS = YES_AGGRESSIVE;
				GCC_WARN_UNUSED_FUNCTION = YES;
				GCC_WARN_UNUSED_VARIABLE = YES;
				IPHONEOS_DEPLOYMENT_TARGET = 8.1;
				MTL_ENABLE_DEBUG_INFO = NO;
				SDKROOT = iphoneos;
				VALIDATE_PRODUCT = YES;
			};
			name = Release;
		};
		A73F0EDF1A63520F00DB3AA7 /* Debug */ = {
			isa = XCBuildConfiguration;
			buildSettings = {
				ASSETCATALOG_COMPILER_APPICON_NAME = AppIcon;
				INFOPLIST_FILE = "Persistant Storage/Info.plist";
				LD_RUNPATH_SEARCH_PATHS = "$(inherited) @executable_path/Frameworks";
				PRODUCT_NAME = "$(TARGET_NAME)";
			};
			name = Debug;
		};
		A73F0EE01A63520F00DB3AA7 /* Release */ = {
			isa = XCBuildConfiguration;
			buildSettings = {
				ASSETCATALOG_COMPILER_APPICON_NAME = AppIcon;
				INFOPLIST_FILE = "Persistant Storage/Info.plist";
				LD_RUNPATH_SEARCH_PATHS = "$(inherited) @executable_path/Frameworks";
				PRODUCT_NAME = "$(TARGET_NAME)";
			};
			name = Release;
		};
		A73F0EE21A63520F00DB3AA7 /* Debug */ = {
			isa = XCBuildConfiguration;
			buildSettings = {
				BUNDLE_LOADER = "$(TEST_HOST)";
				FRAMEWORK_SEARCH_PATHS = (
					"$(SDKROOT)/Developer/Library/Frameworks",
					"$(inherited)",
				);
				GCC_PREPROCESSOR_DEFINITIONS = (
					"DEBUG=1",
					"$(inherited)",
				);
				INFOPLIST_FILE = "Persistant StorageTests/Info.plist";
				LD_RUNPATH_SEARCH_PATHS = "$(inherited) @executable_path/Frameworks @loader_path/Frameworks";
				PRODUCT_NAME = "$(TARGET_NAME)";
				TEST_HOST = "$(BUILT_PRODUCTS_DIR)/Persistant Storage.app/Persistant Storage";
			};
			name = Debug;
		};
		A73F0EE31A63520F00DB3AA7 /* Release */ = {
			isa = XCBuildConfiguration;
			buildSettings = {
				BUNDLE_LOADER = "$(TEST_HOST)";
				FRAMEWORK_SEARCH_PATHS = (
					"$(SDKROOT)/Developer/Library/Frameworks",
					"$(inherited)",
				);
				INFOPLIST_FILE = "Persistant StorageTests/Info.plist";
				LD_RUNPATH_SEARCH_PATHS = "$(inherited) @executable_path/Frameworks @loader_path/Frameworks";
				PRODUCT_NAME = "$(TARGET_NAME)";
				TEST_HOST = "$(BUILT_PRODUCTS_DIR)/Persistant Storage.app/Persistant Storage";
			};
			name = Release;
		};
/* End XCBuildConfiguration section */

/* Begin XCConfigurationList section */
		A73F0EBA1A63520F00DB3AA7 /* Build configuration list for PBXProject "Persistant Storage" */ = {
			isa = XCConfigurationList;
			buildConfigurations = (
				A73F0EDC1A63520F00DB3AA7 /* Debug */,
				A73F0EDD1A63520F00DB3AA7 /* Release */,
			);
			defaultConfigurationIsVisible = 0;
			defaultConfigurationName = Release;
		};
		A73F0EDE1A63520F00DB3AA7 /* Build configuration list for PBXNativeTarget "Persistant Storage" */ = {
			isa = XCConfigurationList;
			buildConfigurations = (
				A73F0EDF1A63520F00DB3AA7 /* Debug */,
				A73F0EE01A63520F00DB3AA7 /* Release */,
			);
			defaultConfigurationIsVisible = 0;
		};
		A73F0EE11A63520F00DB3AA7 /* Build configuration list for PBXNativeTarget "Persistant StorageTests" */ = {
			isa = XCConfigurationList;
			buildConfigurations = (
				A73F0EE21A63520F00DB3AA7 /* Debug */,
				A73F0EE31A63520F00DB3AA7 /* Release */,
			);
			defaultConfigurationIsVisible = 0;
		};
/* End XCConfigurationList section */
	};
	rootObject = A73F0EB71A63520F00DB3AA7 /* Project object */;
}
